
Microsoft Visual Studio Solution File, Format Version 12.00
# Visual Studio 15
VisualStudioVersion = 15.0.28010.2050
MinimumVisualStudioVersion = 10.0.40219.1
Project("{FAE04EC0-301F-11D3-BF4B-00C04F79EFBC}") = "Core", "Core\Core.csproj", "{05071EF9-4ADD-4AAF-A9E3-23AED77CA25B}"
EndProject
Project("{FAE04EC0-301F-11D3-BF4B-00C04F79EFBC}") = "Core.Tests", "Core.Tests\Core.Tests.csproj", "{ACAB9FCA-B570-49F8-B060-9A7B850C99A3}"
EndProject
Global
	GlobalSection(SolutionConfigurationPlatforms) = preSolution
		Debug|Any CPU = Debug|Any CPU
		Release|Any CPU = Release|Any CPU
	EndGlobalSection
	GlobalSection(ProjectConfigurationPlatforms) = postSolution
		{05071EF9-4ADD-4AAF-A9E3-23AED77CA25B}.Debug|Any CPU.ActiveCfg = Debug|Any CPU
		{05071EF9-4ADD-4AAF-A9E3-23AED77CA25B}.Debug|Any CPU.Build.0 = Debug|Any CPU
		{05071EF9-4ADD-4AAF-A9E3-23AED77CA25B}.Release|Any CPU.ActiveCfg = Release|Any CPU
		{05071EF9-4ADD-4AAF-A9E3-23AED77CA25B}.Release|Any CPU.Build.0 = Release|Any CPU
		{ACAB9FCA-B570-49F8-B060-9A7B850C99A3}.Debug|Any CPU.ActiveCfg = Debug|Any CPU
		{ACAB9FCA-B570-49F8-B060-9A7B850C99A3}.Debug|Any CPU.Build.0 = Debug|Any CPU
		{ACAB9FCA-B570-49F8-B060-9A7B850C99A3}.Release|Any CPU.ActiveCfg = Release|Any CPU
		{ACAB9FCA-B570-49F8-B060-9A7B850C99A3}.Release|Any CPU.Build.0 = Release|Any CPU
	EndGlobalSection
	GlobalSection(SolutionProperties) = preSolution
		HideSolutionNode = FALSE
	EndGlobalSection
	GlobalSection(ExtensibilityGlobals) = postSolution
		SolutionGuid = {AB894ECC-E235-4F55-B871-802ACDB2A43B}
	EndGlobalSection
EndGlobal
